
Microsoft Visual Studio Solution File, Format Version 12.00
# Visual Studio Version 17
VisualStudioVersion = 17.6.33712.159
MinimumVisualStudioVersion = 10.0.40219.1
Project("{FAE04EC0-301F-11D3-BF4B-00C04F79EFBC}") = "ParkingApp", "ParkingApp\ParkingApp.csproj", "{4F9949F4-088F-4281-BA75-5E4D5EE2EE80}"
EndProject
Project("{FAE04EC0-301F-11D3-BF4B-00C04F79EFBC}") = "ParkingLib", "ParkingLib\ParkingLib.csproj", "{CC4EC9C4-A26E-42FA-8894-ED37FAE61A89}"
EndProject
Project("{FAE04EC0-301F-11D3-BF4B-00C04F79EFBC}") = "RawInputLib", "RawInputLib\RawInputLib.csproj", "{4143D085-38CF-4640-BB05-2FDFFAF94D76}"
EndProject
Project("{FAE04EC0-301F-11D3-BF4B-00C04F79EFBC}") = "SyncDataClient", "SyncDataClient\SyncDataClient.csproj", "{39060528-742C-487F-A23F-5A19D86FA32A}"
EndProject
Global
	GlobalSection(SolutionConfigurationPlatforms) = preSolution
		Debug|Any CPU = Debug|Any CPU
		Debug|x64 = Debug|x64
		Debug|x86 = Debug|x86
		Release|Any CPU = Release|Any CPU
		Release|x64 = Release|x64
		Release|x86 = Release|x86
	EndGlobalSection
	GlobalSection(ProjectConfigurationPlatforms) = postSolution
		{4F9949F4-088F-4281-BA75-5E4D5EE2EE80}.Debug|Any CPU.ActiveCfg = Debug|Any CPU
		{4F9949F4-088F-4281-BA75-5E4D5EE2EE80}.Debug|Any CPU.Build.0 = Debug|Any CPU
		{4F9949F4-088F-4281-BA75-5E4D5EE2EE80}.Debug|x64.ActiveCfg = Debug|Any CPU
		{4F9949F4-088F-4281-BA75-5E4D5EE2EE80}.Debug|x64.Build.0 = Debug|Any CPU
		{4F9949F4-088F-4281-BA75-5E4D5EE2EE80}.Debug|x86.ActiveCfg = Debug|Any CPU
		{4F9949F4-088F-4281-BA75-5E4D5EE2EE80}.Debug|x86.Build.0 = Debug|Any CPU
		{4F9949F4-088F-4281-BA75-5E4D5EE2EE80}.Release|Any CPU.ActiveCfg = Release|Any CPU
		{4F9949F4-088F-4281-BA75-5E4D5EE2EE80}.Release|Any CPU.Build.0 = Release|Any CPU
		{4F9949F4-088F-4281-BA75-5E4D5EE2EE80}.Release|x64.ActiveCfg = Release|Any CPU
		{4F9949F4-088F-4281-BA75-5E4D5EE2EE80}.Release|x64.Build.0 = Release|Any CPU
		{4F9949F4-088F-4281-BA75-5E4D5EE2EE80}.Release|x86.ActiveCfg = Release|Any CPU
		{4F9949F4-088F-4281-BA75-5E4D5EE2EE80}.Release|x86.Build.0 = Release|Any CPU
		{CC4EC9C4-A26E-42FA-8894-ED37FAE61A89}.Debug|Any CPU.ActiveCfg = Debug|Any CPU
		{CC4EC9C4-A26E-42FA-8894-ED37FAE61A89}.Debug|Any CPU.Build.0 = Debug|Any CPU
		{CC4EC9C4-A26E-42FA-8894-ED37FAE61A89}.Debug|x64.ActiveCfg = Debug|Any CPU
		{CC4EC9C4-A26E-42FA-8894-ED37FAE61A89}.Debug|x64.Build.0 = Debug|Any CPU
		{CC4EC9C4-A26E-42FA-8894-ED37FAE61A89}.Debug|x86.ActiveCfg = Debug|Any CPU
		{CC4EC9C4-A26E-42FA-8894-ED37FAE61A89}.Debug|x86.Build.0 = Debug|Any CPU
		{CC4EC9C4-A26E-42FA-8894-ED37FAE61A89}.Release|Any CPU.ActiveCfg = Release|Any CPU
		{CC4EC9C4-A26E-42FA-8894-ED37FAE61A89}.Release|Any CPU.Build.0 = Release|Any CPU
		{CC4EC9C4-A26E-42FA-8894-ED37FAE61A89}.Release|x64.ActiveCfg = Release|Any CPU
		{CC4EC9C4-A26E-42FA-8894-ED37FAE61A89}.Release|x64.Build.0 = Release|Any CPU
		{CC4EC9C4-A26E-42FA-8894-ED37FAE61A89}.Release|x86.ActiveCfg = Release|Any CPU
		{CC4EC9C4-A26E-42FA-8894-ED37FAE61A89}.Release|x86.Build.0 = Release|Any CPU
		{4143D085-38CF-4640-BB05-2FDFFAF94D76}.Debug|Any CPU.ActiveCfg = Debug|Any CPU
		{4143D085-38CF-4640-BB05-2FDFFAF94D76}.Debug|Any CPU.Build.0 = Debug|Any CPU
		{4143D085-38CF-4640-BB05-2FDFFAF94D76}.Debug|x64.ActiveCfg = Debug|x64
		{4143D085-38CF-4640-BB05-2FDFFAF94D76}.Debug|x64.Build.0 = Debug|x64
		{4143D085-38CF-4640-BB05-2FDFFAF94D76}.Debug|x86.ActiveCfg = Debug|x86
		{4143D085-38CF-4640-BB05-2FDFFAF94D76}.Debug|x86.Build.0 = Debug|x86
		{4143D085-38CF-4640-BB05-2FDFFAF94D76}.Release|Any CPU.ActiveCfg = Release|Any CPU
		{4143D085-38CF-4640-BB05-2FDFFAF94D76}.Release|Any CPU.Build.0 = Release|Any CPU
		{4143D085-38CF-4640-BB05-2FDFFAF94D76}.Release|x64.ActiveCfg = Release|x64
		{4143D085-38CF-4640-BB05-2FDFFAF94D76}.Release|x64.Build.0 = Release|x64
		{4143D085-38CF-4640-BB05-2FDFFAF94D76}.Release|x86.ActiveCfg = Release|x86
		{4143D085-38CF-4640-BB05-2FDFFAF94D76}.Release|x86.Build.0 = Release|x86
		{39060528-742C-487F-A23F-5A19D86FA32A}.Debug|Any CPU.ActiveCfg = Debug|Any CPU
		{39060528-742C-487F-A23F-5A19D86FA32A}.Debug|Any CPU.Build.0 = Debug|Any CPU
		{39060528-742C-487F-A23F-5A19D86FA32A}.Debug|x64.ActiveCfg = Debug|Any CPU
		{39060528-742C-487F-A23F-5A19D86FA32A}.Debug|x64.Build.0 = Debug|Any CPU
		{39060528-742C-487F-A23F-5A19D86FA32A}.Debug|x86.ActiveCfg = Debug|Any CPU
		{39060528-742C-487F-A23F-5A19D86FA32A}.Debug|x86.Build.0 = Debug|Any CPU
		{39060528-742C-487F-A23F-5A19D86FA32A}.Release|Any CPU.ActiveCfg = Release|Any CPU
		{39060528-742C-487F-A23F-5A19D86FA32A}.Release|Any CPU.Build.0 = Release|Any CPU
		{39060528-742C-487F-A23F-5A19D86FA32A}.Release|x64.ActiveCfg = Release|Any CPU
		{39060528-742C-487F-A23F-5A19D86FA32A}.Release|x64.Build.0 = Release|Any CPU
		{39060528-742C-487F-A23F-5A19D86FA32A}.Release|x86.ActiveCfg = Release|Any CPU
		{39060528-742C-487F-A23F-5A19D86FA32A}.Release|x86.Build.0 = Release|Any CPU
	EndGlobalSection
	GlobalSection(SolutionProperties) = preSolution
		HideSolutionNode = FALSE
	EndGlobalSection
	GlobalSection(ExtensibilityGlobals) = postSolution
		SolutionGuid = {9A15EF16-78E6-4007-AFB6-6C5B5823A429}
	EndGlobalSection
EndGlobal
