
Microsoft Visual Studio Solution File, Format Version 12.00
# Visual Studio Version 16
VisualStudioVersion = 16.0.29025.244
MinimumVisualStudioVersion = 10.0.40219.1
Project("{2150E333-8FDC-42A3-9474-1A3956D46DE8}") = "Web", "Web", "{AFAA0841-BD93-466F-B8F4-FB4EEC86F1FC}"
EndProject
Project("{9A19103F-16F7-4668-BE54-9A1E7A4F7556}") = "Zero.Web.Mvc", "src\Zero.Web.Mvc\Zero.Web.Mvc.csproj", "{A2213374-BB48-48FD-BBD4-81E6A961D866}"
EndProject
Project("{9A19103F-16F7-4668-BE54-9A1E7A4F7556}") = "Zero.Core", "src\Zero.Core\Zero.Core.csproj", "{0FA75A5B-AB83-4FD0-B545-279774C01E87}"
EndProject
Project("{9A19103F-16F7-4668-BE54-9A1E7A4F7556}") = "Zero.Application", "src\Zero.Application\Zero.Application.csproj", "{3870C648-4AEA-4B85-BA3F-F2F63B96136A}"
EndProject
Project("{9A19103F-16F7-4668-BE54-9A1E7A4F7556}") = "Zero.Web.Core", "src\Zero.Web.Core\Zero.Web.Core.csproj", "{0F0E141D-2626-4114-9805-3AFD8275A6B0}"
EndProject
Project("{9A19103F-16F7-4668-BE54-9A1E7A4F7556}") = "Zero.EntityFrameworkCore", "src\Zero.EntityFrameworkCore\Zero.EntityFrameworkCore.csproj", "{A229F7D5-EE83-462E-8642-E9A2D5EA90FE}"
EndProject
Project("{9A19103F-16F7-4668-BE54-9A1E7A4F7556}") = "Zero.Application.Shared", "src\Zero.Application.Shared\Zero.Application.Shared.csproj", "{6143A90B-6C2A-4683-8A3A-4D48702770EA}"
EndProject
Project("{9A19103F-16F7-4668-BE54-9A1E7A4F7556}") = "Zero.Core.Shared", "src\Zero.Core.Shared\Zero.Core.Shared.csproj", "{4D6603C1-F7D6-4681-97F8-69B4BBBC0536}"
EndProject
Project("{2150E333-8FDC-42A3-9474-1A3956D46DE8}") = "Abp", "Abp", "{D24F68B3-FE2E-40F5-B77D-D372E8D8900B}"
EndProject
Project("{2150E333-8FDC-42A3-9474-1A3956D46DE8}") = "Data", "Data", "{43A84B72-16CF-4E1A-8461-FD61B924B5FA}"
EndProject
Project("{2150E333-8FDC-42A3-9474-1A3956D46DE8}") = "Customize", "Customize", "{9D93E1DA-02F6-4175-96D9-F751D0329B72}"
EndProject
Project("{2150E333-8FDC-42A3-9474-1A3956D46DE8}") = "Reporting", "Reporting", "{B8628A95-8BA4-4E16-B401-087A06910BB8}"
EndProject
Project("{FAE04EC0-301F-11D3-BF4B-00C04F79EFBC}") = "DPS.Reporting.Application.Shared", "customize\Reporting\DPS.Reporting.Application.Shared\DPS.Reporting.Application.Shared.csproj", "{F8141BED-2EBF-4396-9830-95516B4C26E7}"
EndProject
Project("{FAE04EC0-301F-11D3-BF4B-00C04F79EFBC}") = "DPS.Reporting.Application", "customize\Reporting\DPS.Reporting.Application\DPS.Reporting.Application.csproj", "{F7CE168B-68F1-415B-AAAD-F8BA1F578C19}"
EndProject
Project("{2150E333-8FDC-42A3-9474-1A3956D46DE8}") = "3rds", "3rds", "{B57AF337-BDC4-4734-82A1-2E59237FEA44}"
EndProject
Project("{FAE04EC0-301F-11D3-BF4B-00C04F79EFBC}") = "TelerikCommon", "3rds\TelerikCommon\TelerikCommon.csproj", "{010AEBC9-DD85-4428-B89E-457F903B3B37}"
EndProject
Project("{FAE04EC0-301F-11D3-BF4B-00C04F79EFBC}") = "Zero.Migrator", "src\Zero.Migrator\Zero.Migrator.csproj", "{C1514727-6771-4DC5-985F-C8A4CE6766CF}"
EndProject
Project("{FAE04EC0-301F-11D3-BF4B-00C04F79EFBC}") = "AlepayApi", "3rds\Alepay\AlepayApi\AlepayApi.csproj", "{80C12DFC-696D-4049-AA8E-CE6C8343BCAD}"
EndProject
Project("{2150E333-8FDC-42A3-9474-1A3956D46DE8}") = "Cms", "Cms", "{A184D172-85C1-4059-B0AB-EA8C3C241404}"
EndProject
Project("{FAE04EC0-301F-11D3-BF4B-00C04F79EFBC}") = "DPS.Cms.Core.Shared", "customize\Cms\DPS.Cms.Core.Shared\DPS.Cms.Core.Shared.csproj", "{DDA87155-19D4-4D10-B2BD-678B15DD007E}"
EndProject
Project("{FAE04EC0-301F-11D3-BF4B-00C04F79EFBC}") = "DPS.Cms.Core", "customize\Cms\DPS.Cms.Core\DPS.Cms.Core.csproj", "{AC7F5CCE-EDD7-4472-BBC7-67D10B33402C}"
EndProject
Project("{FAE04EC0-301F-11D3-BF4B-00C04F79EFBC}") = "DPS.Cms.Application.Shared", "customize\Cms\DPS.Cms.Application.Shared\DPS.Cms.Application.Shared.csproj", "{8B00FA4C-29B6-4C52-AD54-A973366884FE}"
EndProject
Project("{FAE04EC0-301F-11D3-BF4B-00C04F79EFBC}") = "DPS.Cms.Application", "customize\Cms\DPS.Cms.Application\DPS.Cms.Application.csproj", "{FEC10E45-D3CA-4FCC-9786-5A63F811AEE9}"
EndProject
Project("{FAE04EC0-301F-11D3-BF4B-00C04F79EFBC}") = "MinioSDK", "3rds\MinioSDK\MinioSDK.csproj", "{62851A15-6DD0-4D10-9A9D-816A09FA5B26}"
EndProject
Project("{FAE04EC0-301F-11D3-BF4B-00C04F79EFBC}") = "AbstractApi", "3rds\AbstractApi\AbstractApi.csproj", "{6178E72A-A2BE-4798-95AC-7CDD6D093739}"
EndProject
Project("{FAE04EC0-301F-11D3-BF4B-00C04F79EFBC}") = "DPS.Park.Core", "customize\Park\DPS.Park.Core\DPS.Park.Core.csproj", "{E2512F03-AD86-417D-9F64-6DA3F3C925A4}"
EndProject
Project("{FAE04EC0-301F-11D3-BF4B-00C04F79EFBC}") = "DPS.Park.Core.Shared", "customize\Park\DPS.Park.Core.Shared\DPS.Park.Core.Shared.csproj", "{8A603422-311E-405A-8F07-E2F3950D7D10}"
EndProject
Project("{FAE04EC0-301F-11D3-BF4B-00C04F79EFBC}") = "DPS.Park.Application", "customize\Park\DPS.Park.Application\DPS.Park.Application.csproj", "{7B3D1CFC-F290-4781-A95E-0F1D62225393}"
EndProject
Project("{FAE04EC0-301F-11D3-BF4B-00C04F79EFBC}") = "DPS.Park.Application.Shared", "customize\Park\DPS.Park.Application.Shared\DPS.Park.Application.Shared.csproj", "{0E033169-1D17-4E22-96D2-963D19CF51FC}"
EndProject
Project("{2150E333-8FDC-42A3-9474-1A3956D46DE8}") = "Park", "Park", "{B0CDE79E-A48D-421C-98A3-E16EDAE1D9A9}"
EndProject
Global
	GlobalSection(SolutionConfigurationPlatforms) = preSolution
		Debug|Any CPU = Debug|Any CPU
		Release|Any CPU = Release|Any CPU
	EndGlobalSection
	GlobalSection(ProjectConfigurationPlatforms) = postSolution
		{A2213374-BB48-48FD-BBD4-81E6A961D866}.Debug|Any CPU.ActiveCfg = Debug|Any CPU
		{A2213374-BB48-48FD-BBD4-81E6A961D866}.Debug|Any CPU.Build.0 = Debug|Any CPU
		{A2213374-BB48-48FD-BBD4-81E6A961D866}.Release|Any CPU.ActiveCfg = Release|Any CPU
		{A2213374-BB48-48FD-BBD4-81E6A961D866}.Release|Any CPU.Build.0 = Release|Any CPU
		{0FA75A5B-AB83-4FD0-B545-279774C01E87}.Debug|Any CPU.ActiveCfg = Debug|Any CPU
		{0FA75A5B-AB83-4FD0-B545-279774C01E87}.Debug|Any CPU.Build.0 = Debug|Any CPU
		{0FA75A5B-AB83-4FD0-B545-279774C01E87}.Release|Any CPU.ActiveCfg = Release|Any CPU
		{0FA75A5B-AB83-4FD0-B545-279774C01E87}.Release|Any CPU.Build.0 = Release|Any CPU
		{3870C648-4AEA-4B85-BA3F-F2F63B96136A}.Debug|Any CPU.ActiveCfg = Debug|Any CPU
		{3870C648-4AEA-4B85-BA3F-F2F63B96136A}.Debug|Any CPU.Build.0 = Debug|Any CPU
		{3870C648-4AEA-4B85-BA3F-F2F63B96136A}.Release|Any CPU.ActiveCfg = Release|Any CPU
		{3870C648-4AEA-4B85-BA3F-F2F63B96136A}.Release|Any CPU.Build.0 = Release|Any CPU
		{0F0E141D-2626-4114-9805-3AFD8275A6B0}.Debug|Any CPU.ActiveCfg = Debug|Any CPU
		{0F0E141D-2626-4114-9805-3AFD8275A6B0}.Debug|Any CPU.Build.0 = Debug|Any CPU
		{0F0E141D-2626-4114-9805-3AFD8275A6B0}.Release|Any CPU.ActiveCfg = Release|Any CPU
		{0F0E141D-2626-4114-9805-3AFD8275A6B0}.Release|Any CPU.Build.0 = Release|Any CPU
		{A229F7D5-EE83-462E-8642-E9A2D5EA90FE}.Debug|Any CPU.ActiveCfg = Debug|Any CPU
		{A229F7D5-EE83-462E-8642-E9A2D5EA90FE}.Debug|Any CPU.Build.0 = Debug|Any CPU
		{A229F7D5-EE83-462E-8642-E9A2D5EA90FE}.Release|Any CPU.ActiveCfg = Release|Any CPU
		{A229F7D5-EE83-462E-8642-E9A2D5EA90FE}.Release|Any CPU.Build.0 = Release|Any CPU
		{6143A90B-6C2A-4683-8A3A-4D48702770EA}.Debug|Any CPU.ActiveCfg = Debug|Any CPU
		{6143A90B-6C2A-4683-8A3A-4D48702770EA}.Debug|Any CPU.Build.0 = Debug|Any CPU
		{6143A90B-6C2A-4683-8A3A-4D48702770EA}.Release|Any CPU.ActiveCfg = Release|Any CPU
		{6143A90B-6C2A-4683-8A3A-4D48702770EA}.Release|Any CPU.Build.0 = Release|Any CPU
		{4D6603C1-F7D6-4681-97F8-69B4BBBC0536}.Debug|Any CPU.ActiveCfg = Debug|Any CPU
		{4D6603C1-F7D6-4681-97F8-69B4BBBC0536}.Debug|Any CPU.Build.0 = Debug|Any CPU
		{4D6603C1-F7D6-4681-97F8-69B4BBBC0536}.Release|Any CPU.ActiveCfg = Release|Any CPU
		{4D6603C1-F7D6-4681-97F8-69B4BBBC0536}.Release|Any CPU.Build.0 = Release|Any CPU
		{F8141BED-2EBF-4396-9830-95516B4C26E7}.Debug|Any CPU.ActiveCfg = Debug|Any CPU
		{F8141BED-2EBF-4396-9830-95516B4C26E7}.Debug|Any CPU.Build.0 = Debug|Any CPU
		{F8141BED-2EBF-4396-9830-95516B4C26E7}.Release|Any CPU.ActiveCfg = Release|Any CPU
		{F8141BED-2EBF-4396-9830-95516B4C26E7}.Release|Any CPU.Build.0 = Release|Any CPU
		{F7CE168B-68F1-415B-AAAD-F8BA1F578C19}.Debug|Any CPU.ActiveCfg = Debug|Any CPU
		{F7CE168B-68F1-415B-AAAD-F8BA1F578C19}.Debug|Any CPU.Build.0 = Debug|Any CPU
		{F7CE168B-68F1-415B-AAAD-F8BA1F578C19}.Release|Any CPU.ActiveCfg = Release|Any CPU
		{F7CE168B-68F1-415B-AAAD-F8BA1F578C19}.Release|Any CPU.Build.0 = Release|Any CPU
		{010AEBC9-DD85-4428-B89E-457F903B3B37}.Debug|Any CPU.ActiveCfg = Debug|Any CPU
		{010AEBC9-DD85-4428-B89E-457F903B3B37}.Debug|Any CPU.Build.0 = Debug|Any CPU
		{010AEBC9-DD85-4428-B89E-457F903B3B37}.Release|Any CPU.ActiveCfg = Release|Any CPU
		{010AEBC9-DD85-4428-B89E-457F903B3B37}.Release|Any CPU.Build.0 = Release|Any CPU
		{C1514727-6771-4DC5-985F-C8A4CE6766CF}.Debug|Any CPU.ActiveCfg = Debug|Any CPU
		{C1514727-6771-4DC5-985F-C8A4CE6766CF}.Debug|Any CPU.Build.0 = Debug|Any CPU
		{C1514727-6771-4DC5-985F-C8A4CE6766CF}.Release|Any CPU.ActiveCfg = Release|Any CPU
		{C1514727-6771-4DC5-985F-C8A4CE6766CF}.Release|Any CPU.Build.0 = Release|Any CPU
		{80C12DFC-696D-4049-AA8E-CE6C8343BCAD}.Debug|Any CPU.ActiveCfg = Debug|Any CPU
		{80C12DFC-696D-4049-AA8E-CE6C8343BCAD}.Debug|Any CPU.Build.0 = Debug|Any CPU
		{80C12DFC-696D-4049-AA8E-CE6C8343BCAD}.Release|Any CPU.ActiveCfg = Release|Any CPU
		{80C12DFC-696D-4049-AA8E-CE6C8343BCAD}.Release|Any CPU.Build.0 = Release|Any CPU
		{DDA87155-19D4-4D10-B2BD-678B15DD007E}.Debug|Any CPU.ActiveCfg = Debug|Any CPU
		{DDA87155-19D4-4D10-B2BD-678B15DD007E}.Debug|Any CPU.Build.0 = Debug|Any CPU
		{DDA87155-19D4-4D10-B2BD-678B15DD007E}.Release|Any CPU.ActiveCfg = Release|Any CPU
		{DDA87155-19D4-4D10-B2BD-678B15DD007E}.Release|Any CPU.Build.0 = Release|Any CPU
		{AC7F5CCE-EDD7-4472-BBC7-67D10B33402C}.Debug|Any CPU.ActiveCfg = Debug|Any CPU
		{AC7F5CCE-EDD7-4472-BBC7-67D10B33402C}.Debug|Any CPU.Build.0 = Debug|Any CPU
		{AC7F5CCE-EDD7-4472-BBC7-67D10B33402C}.Release|Any CPU.ActiveCfg = Release|Any CPU
		{AC7F5CCE-EDD7-4472-BBC7-67D10B33402C}.Release|Any CPU.Build.0 = Release|Any CPU
		{8B00FA4C-29B6-4C52-AD54-A973366884FE}.Debug|Any CPU.ActiveCfg = Debug|Any CPU
		{8B00FA4C-29B6-4C52-AD54-A973366884FE}.Debug|Any CPU.Build.0 = Debug|Any CPU
		{8B00FA4C-29B6-4C52-AD54-A973366884FE}.Release|Any CPU.ActiveCfg = Release|Any CPU
		{8B00FA4C-29B6-4C52-AD54-A973366884FE}.Release|Any CPU.Build.0 = Release|Any CPU
		{FEC10E45-D3CA-4FCC-9786-5A63F811AEE9}.Debug|Any CPU.ActiveCfg = Debug|Any CPU
		{FEC10E45-D3CA-4FCC-9786-5A63F811AEE9}.Debug|Any CPU.Build.0 = Debug|Any CPU
		{FEC10E45-D3CA-4FCC-9786-5A63F811AEE9}.Release|Any CPU.ActiveCfg = Release|Any CPU
		{FEC10E45-D3CA-4FCC-9786-5A63F811AEE9}.Release|Any CPU.Build.0 = Release|Any CPU
		{62851A15-6DD0-4D10-9A9D-816A09FA5B26}.Debug|Any CPU.ActiveCfg = Debug|Any CPU
		{62851A15-6DD0-4D10-9A9D-816A09FA5B26}.Debug|Any CPU.Build.0 = Debug|Any CPU
		{62851A15-6DD0-4D10-9A9D-816A09FA5B26}.Release|Any CPU.ActiveCfg = Release|Any CPU
		{62851A15-6DD0-4D10-9A9D-816A09FA5B26}.Release|Any CPU.Build.0 = Release|Any CPU
		{6178E72A-A2BE-4798-95AC-7CDD6D093739}.Debug|Any CPU.ActiveCfg = Debug|Any CPU
		{6178E72A-A2BE-4798-95AC-7CDD6D093739}.Debug|Any CPU.Build.0 = Debug|Any CPU
		{6178E72A-A2BE-4798-95AC-7CDD6D093739}.Release|Any CPU.ActiveCfg = Release|Any CPU
		{6178E72A-A2BE-4798-95AC-7CDD6D093739}.Release|Any CPU.Build.0 = Release|Any CPU
		{E2512F03-AD86-417D-9F64-6DA3F3C925A4}.Debug|Any CPU.ActiveCfg = Debug|Any CPU
		{E2512F03-AD86-417D-9F64-6DA3F3C925A4}.Debug|Any CPU.Build.0 = Debug|Any CPU
		{E2512F03-AD86-417D-9F64-6DA3F3C925A4}.Release|Any CPU.ActiveCfg = Release|Any CPU
		{E2512F03-AD86-417D-9F64-6DA3F3C925A4}.Release|Any CPU.Build.0 = Release|Any CPU
		{8A603422-311E-405A-8F07-E2F3950D7D10}.Debug|Any CPU.ActiveCfg = Debug|Any CPU
		{8A603422-311E-405A-8F07-E2F3950D7D10}.Debug|Any CPU.Build.0 = Debug|Any CPU
		{8A603422-311E-405A-8F07-E2F3950D7D10}.Release|Any CPU.ActiveCfg = Release|Any CPU
		{8A603422-311E-405A-8F07-E2F3950D7D10}.Release|Any CPU.Build.0 = Release|Any CPU
		{7B3D1CFC-F290-4781-A95E-0F1D62225393}.Debug|Any CPU.ActiveCfg = Debug|Any CPU
		{7B3D1CFC-F290-4781-A95E-0F1D62225393}.Debug|Any CPU.Build.0 = Debug|Any CPU
		{7B3D1CFC-F290-4781-A95E-0F1D62225393}.Release|Any CPU.ActiveCfg = Release|Any CPU
		{7B3D1CFC-F290-4781-A95E-0F1D62225393}.Release|Any CPU.Build.0 = Release|Any CPU
		{0E033169-1D17-4E22-96D2-963D19CF51FC}.Debug|Any CPU.ActiveCfg = Debug|Any CPU
		{0E033169-1D17-4E22-96D2-963D19CF51FC}.Debug|Any CPU.Build.0 = Debug|Any CPU
		{0E033169-1D17-4E22-96D2-963D19CF51FC}.Release|Any CPU.ActiveCfg = Release|Any CPU
		{0E033169-1D17-4E22-96D2-963D19CF51FC}.Release|Any CPU.Build.0 = Release|Any CPU
	EndGlobalSection
	GlobalSection(SolutionProperties) = preSolution
		HideSolutionNode = FALSE
	EndGlobalSection
	GlobalSection(NestedProjects) = preSolution
		{A2213374-BB48-48FD-BBD4-81E6A961D866} = {AFAA0841-BD93-466F-B8F4-FB4EEC86F1FC}
		{0F0E141D-2626-4114-9805-3AFD8275A6B0} = {AFAA0841-BD93-466F-B8F4-FB4EEC86F1FC}
		{3870C648-4AEA-4B85-BA3F-F2F63B96136A} = {D24F68B3-FE2E-40F5-B77D-D372E8D8900B}
		{6143A90B-6C2A-4683-8A3A-4D48702770EA} = {D24F68B3-FE2E-40F5-B77D-D372E8D8900B}
		{0FA75A5B-AB83-4FD0-B545-279774C01E87} = {D24F68B3-FE2E-40F5-B77D-D372E8D8900B}
		{4D6603C1-F7D6-4681-97F8-69B4BBBC0536} = {D24F68B3-FE2E-40F5-B77D-D372E8D8900B}
		{A229F7D5-EE83-462E-8642-E9A2D5EA90FE} = {43A84B72-16CF-4E1A-8461-FD61B924B5FA}
		{B8628A95-8BA4-4E16-B401-087A06910BB8} = {9D93E1DA-02F6-4175-96D9-F751D0329B72}
		{F8141BED-2EBF-4396-9830-95516B4C26E7} = {B8628A95-8BA4-4E16-B401-087A06910BB8}
		{F7CE168B-68F1-415B-AAAD-F8BA1F578C19} = {B8628A95-8BA4-4E16-B401-087A06910BB8}
		{010AEBC9-DD85-4428-B89E-457F903B3B37} = {B57AF337-BDC4-4734-82A1-2E59237FEA44}
		{C1514727-6771-4DC5-985F-C8A4CE6766CF} = {43A84B72-16CF-4E1A-8461-FD61B924B5FA}
		{80C12DFC-696D-4049-AA8E-CE6C8343BCAD} = {B57AF337-BDC4-4734-82A1-2E59237FEA44}
		{A184D172-85C1-4059-B0AB-EA8C3C241404} = {9D93E1DA-02F6-4175-96D9-F751D0329B72}
		{DDA87155-19D4-4D10-B2BD-678B15DD007E} = {A184D172-85C1-4059-B0AB-EA8C3C241404}
		{AC7F5CCE-EDD7-4472-BBC7-67D10B33402C} = {A184D172-85C1-4059-B0AB-EA8C3C241404}
		{8B00FA4C-29B6-4C52-AD54-A973366884FE} = {A184D172-85C1-4059-B0AB-EA8C3C241404}
		{FEC10E45-D3CA-4FCC-9786-5A63F811AEE9} = {A184D172-85C1-4059-B0AB-EA8C3C241404}
		{62851A15-6DD0-4D10-9A9D-816A09FA5B26} = {B57AF337-BDC4-4734-82A1-2E59237FEA44}
		{6178E72A-A2BE-4798-95AC-7CDD6D093739} = {B57AF337-BDC4-4734-82A1-2E59237FEA44}
		{B0CDE79E-A48D-421C-98A3-E16EDAE1D9A9} = {9D93E1DA-02F6-4175-96D9-F751D0329B72}
		{7B3D1CFC-F290-4781-A95E-0F1D62225393} = {B0CDE79E-A48D-421C-98A3-E16EDAE1D9A9}
		{0E033169-1D17-4E22-96D2-963D19CF51FC} = {B0CDE79E-A48D-421C-98A3-E16EDAE1D9A9}
		{E2512F03-AD86-417D-9F64-6DA3F3C925A4} = {B0CDE79E-A48D-421C-98A3-E16EDAE1D9A9}
		{8A603422-311E-405A-8F07-E2F3950D7D10} = {B0CDE79E-A48D-421C-98A3-E16EDAE1D9A9}
	EndGlobalSection
	GlobalSection(ExtensibilityGlobals) = postSolution
		SolutionGuid = {23CD4D4B-B131-473D-9ECB-5DD96E739671}
	EndGlobalSection
EndGlobal
